
Microsoft Visual Studio Solution File, Format Version 12.00
# Visual Studio 15
VisualStudioVersion = 15.0.28010.2041
MinimumVisualStudioVersion = 10.0.40219.1
Project("{FAE04EC0-301F-11D3-BF4B-00C04F79EFBC}") = "PruebaEF2", "PruebaEF2\PruebaEF2.csproj", "{FDAF1858-1641-4AEA-92F0-394DD5CDF42D}"
EndProject
Global
	GlobalSection(SolutionConfigurationPlatforms) = preSolution
		Debug|Any CPU = Debug|Any CPU
		Release|Any CPU = Release|Any CPU
	EndGlobalSection
	GlobalSection(ProjectConfigurationPlatforms) = postSolution
		{FDAF1858-1641-4AEA-92F0-394DD5CDF42D}.Debug|Any CPU.ActiveCfg = Debug|Any CPU
		{FDAF1858-1641-4AEA-92F0-394DD5CDF42D}.Debug|Any CPU.Build.0 = Debug|Any CPU
		{FDAF1858-1641-4AEA-92F0-394DD5CDF42D}.Release|Any CPU.ActiveCfg = Release|Any CPU
		{FDAF1858-1641-4AEA-92F0-394DD5CDF42D}.Release|Any CPU.Build.0 = Release|Any CPU
	EndGlobalSection
	GlobalSection(SolutionProperties) = preSolution
		HideSolutionNode = FALSE
	EndGlobalSection
	GlobalSection(ExtensibilityGlobals) = postSolution
		SolutionGuid = {3645B196-DF62-4E57-91A6-A56939928D16}
	EndGlobalSection
EndGlobal
